
Microsoft Visual Studio Solution File, Format Version 12.00
# Visual Studio Version 17
VisualStudioVersion = 17.13.35931.197 d17.13
MinimumVisualStudioVersion = 10.0.40219.1
Project("{FAE04EC0-301F-11D3-BF4B-00C04F79EFBC}") = "HmAnthropicClaudeWeb", "HmAnthropicClaudeWeb\HmAnthropicClaudeWeb.csproj", "{B737C5A6-9F18-443A-B610-2010AFE9B2B4}"
EndProject
Global
	GlobalSection(SolutionConfigurationPlatforms) = preSolution
		Debug|Any CPU = Debug|Any CPU
		Release|Any CPU = Release|Any CPU
	EndGlobalSection
	GlobalSection(ProjectConfigurationPlatforms) = postSolution
		{B737C5A6-9F18-443A-B610-2010AFE9B2B4}.Debug|Any CPU.ActiveCfg = Debug|Any CPU
		{B737C5A6-9F18-443A-B610-2010AFE9B2B4}.Debug|Any CPU.Build.0 = Debug|Any CPU
		{B737C5A6-9F18-443A-B610-2010AFE9B2B4}.Release|Any CPU.ActiveCfg = Release|Any CPU
		{B737C5A6-9F18-443A-B610-2010AFE9B2B4}.Release|Any CPU.Build.0 = Release|Any CPU
	EndGlobalSection
	GlobalSection(SolutionProperties) = preSolution
		HideSolutionNode = FALSE
	EndGlobalSection
	GlobalSection(ExtensibilityGlobals) = postSolution
		SolutionGuid = {0A01F827-0034-490C-99FF-9406A2841CC4}
	EndGlobalSection
EndGlobal
